<?xml version="1.0" encoding="utf-8"?>
<Project ToolsVersion="4.0" xmlns="http://schemas.microsoft.com/developer/msbuild/2003">
  <ItemGroup>
    <Filter Include="Source Files">
      <UniqueIdentifier>{4FC737F1-C7A5-4376-A066-2A32D752A2FF}</UniqueIdentifier>
      <Extensions>cpp;c;cc;cxx;def;odl;idl;hpj;bat;asm;asmx</Extensions>
    </Filter>
    <Filter Include="Header Files">
      <UniqueIdentifier>{93995380-89BD-4b04-88EB-625FBE52EBFB}</UniqueIdentifier>
      <Extensions>h;hh;hpp;hxx;hm;inl;inc;xsd</Extensions>
    </Filter>
    <Filter Include="Resource Files">
      <UniqueIdentifier>{67DA6AB6-F800-4c08-8B7A-83BB121AAD01}</UniqueIdentifier>
      <Extensions>rc;ico;cur;bmp;dlg;rc2;rct;bin;rgs;gif;jpg;jpeg;jpe;resx;tiff;tif;png;wav;mfcribbon-ms</Extensions>
    </Filter>
    <Filter Include="Console">
      <UniqueIdentifier>{d624df6b-6803-4ea7-b146-c8ae2c2d5818}</UniqueIdentifier>
    </Filter>
    <Filter Include="Console\Windows">
      <UniqueIdentifier>{a9ebd995-1859-499b-8a40-d06f1faba177}</UniqueIdentifier>
    </Filter>
    <Filter Include="UI">
      <UniqueIdentifier>{66cf25c8-3c04-4e1c-93a2-73ba54d25ab8}</UniqueIdentifier>
    </Filter>
  </ItemGroup>
  <ItemGroup>
    <ClCompile Include="Main.cpp">
      <Filter>Source Files</Filter>
    </ClCompile>
    <ClCompile Include="Game.cpp">
      <Filter>Source Files</Filter>
    </ClCompile>
    <ClCompile Include="Console\ConsoleColor.cpp">
      <Filter>Console</Filter>
    </ClCompile>
    <ClCompile Include="Console\Console.cpp">
      <Filter>Console</Filter>
    </ClCompile>
    <ClCompile Include="Console\BufferedConsole.cpp">
      <Filter>Console</Filter>
    </ClCompile>
    <ClCompile Include="Console\BufferedNativeConsole.cpp">
      <Filter>Console</Filter>
    </ClCompile>
    <ClCompile Include="Console\BufferedConsoleRegion.cpp">
      <Filter>Console</Filter>
    </ClCompile>
    <ClCompile Include="Console\SnapshotConsole.cpp">
      <Filter>Console</Filter>
    </ClCompile>
    <ClCompile Include="Console\DoublePixelBufferedConsole.cpp">
      <Filter>Console</Filter>
    </ClCompile>
    <ClCompile Include="Console\Text.cpp">
      <Filter>Console</Filter>
    </ClCompile>
    <ClCompile Include="Console\Windows\WindowsConsole.cpp">
      <Filter>Console\Windows</Filter>
    </ClCompile>
    <ClCompile Include="UI\Element.cpp">
      <Filter>UI</Filter>
    </ClCompile>
    <ClCompile Include="UI\ElementCollection.cpp">
      <Filter>UI</Filter>
    </ClCompile>
    <ClCompile Include="UI\TextBox.cpp">
      <Filter>UI</Filter>
    </ClCompile>
    <ClCompile Include="UI\Button.cpp">
      <Filter>UI</Filter>
    </ClCompile>
    <ClCompile Include="UI\ProgressBar.cpp">
      <Filter>UI</Filter>
    </ClCompile>
    <ClCompile Include="UI\Form.cpp">
      <Filter>UI</Filter>
    </ClCompile>
  </ItemGroup>
  <ItemGroup>
    <ClInclude Include="Game.h">
      <Filter>Header Files</Filter>
    </ClInclude>
    <ClInclude Include="UI.h">
      <Filter>Header Files</Filter>
    </ClInclude>
    <ClInclude Include="Console\ConsoleColor.h">
      <Filter>Console</Filter>
    </ClInclude>
    <ClInclude Include="Console\Console.h">
      <Filter>Console</Filter>
    </ClInclude>
    <ClInclude Include="Console\BufferedConsole.h">
      <Filter>Console</Filter>
    </ClInclude>
    <ClInclude Include="Console\BufferedNativeConsole.h">
      <Filter>Console</Filter>
    </ClInclude>
    <ClInclude Include="Console\BufferedConsoleRegion.h">
      <Filter>Console</Filter>
    </ClInclude>
    <ClInclude Include="Console\SnapshotConsole.h">
      <Filter>Console</Filter>
    </ClInclude>
    <ClInclude Include="Console\DoublePixelBufferedConsole.h">
      <Filter>Console</Filter>
    </ClInclude>
    <ClInclude Include="Console\Text.h">
      <Filter>Console</Filter>
    </ClInclude>
    <ClInclude Include="Console\Windows\WindowsConsole.h">
      <Filter>Console\Windows</Filter>
    </ClInclude>
    <ClInclude Include="Console.h">
      <Filter>Header Files</Filter>
    </ClInclude>
    <ClInclude Include="Console.Windows.h">
      <Filter>Header Files</Filter>
    </ClInclude>
    <ClInclude Include="UI\Element.h">
      <Filter>UI</Filter>
    </ClInclude>
    <ClInclude Include="UI\ElementCollection.h">
      <Filter>UI</Filter>
    </ClInclude>
    <ClInclude Include="UI\TextBox.h">
      <Filter>UI</Filter>
    </ClInclude>
    <ClInclude Include="UI\Button.h">
      <Filter>UI</Filter>
    </ClInclude>
    <ClInclude Include="UI\ProgressBar.h">
      <Filter>UI</Filter>
    </ClInclude>
    <ClInclude Include="UI\Form.h">
      <Filter>UI</Filter>
    </ClInclude>
  </ItemGroup>
  <ItemGroup>
    <None Include="packages.config" />
    <None Include="console.reg" />
    <None Include="README.md" />
  </ItemGroup>
</Project>