<?xml version="1.0" encoding="utf-8"?>
<Project ToolsVersion="4.0" xmlns="http://schemas.microsoft.com/developer/msbuild/2003">
  <ItemGroup>
    <Filter Include="Source Files">
      <UniqueIdentifier>{4FC737F1-C7A5-4376-A066-2A32D752A2FF}</UniqueIdentifier>
      <Extensions>cpp;c;cc;cxx;def;odl;idl;hpj;bat;asm;asmx</Extensions>
    </Filter>
    <Filter Include="Header Files">
      <UniqueIdentifier>{93995380-89BD-4b04-88EB-625FBE52EBFB}</UniqueIdentifier>
      <Extensions>h;hh;hpp;hxx;hm;inl;inc;xsd</Extensions>
    </Filter>
    <Filter Include="Resource Files">
      <UniqueIdentifier>{67DA6AB6-F800-4c08-8B7A-83BB121AAD01}</UniqueIdentifier>
      <Extensions>rc;ico;cur;bmp;dlg;rc2;rct;bin;rgs;gif;jpg;jpeg;jpe;resx;tiff;tif;png;wav;mfcribbon-ms</Extensions>
    </Filter>
    <Filter Include="Console">
      <UniqueIdentifier>{d624df6b-6803-4ea7-b146-c8ae2c2d5818}</UniqueIdentifier>
    </Filter>
    <Filter Include="Console\Windows">
      <UniqueIdentifier>{a9ebd995-1859-499b-8a40-d06f1faba177}</UniqueIdentifier>
    </Filter>
    <Filter Include="UI">
      <UniqueIdentifier>{66cf25c8-3c04-4e1c-93a2-73ba54d25ab8}</UniqueIdentifier>
    </Filter>
    <Filter Include="Game">
      <UniqueIdentifier>{be8d02c5-af6e-42f1-86a0-762ef1a40a11}</UniqueIdentifier>
    </Filter>
    <Filter Include="Game\Entities">
      <UniqueIdentifier>{78983519-37ae-40f6-945b-66a46579dac1}</UniqueIdentifier>
    </Filter>
    <Filter Include="Game\Weapons">
      <UniqueIdentifier>{0289bf4d-a376-49f4-8adc-f1ad135c12d6}</UniqueIdentifier>
    </Filter>
    <Filter Include="Game\Entities\Drops">
      <UniqueIdentifier>{eabf97cf-1a7e-4dd4-85aa-22156b1a6f75}</UniqueIdentifier>
    </Filter>
  </ItemGroup>
  <ItemGroup>
    <ClCompile Include="Main.cpp">
      <Filter>Source Files</Filter>
    </ClCompile>
    <ClCompile Include="Console\ConsoleColor.cpp">
      <Filter>Console</Filter>
    </ClCompile>
    <ClCompile Include="Console\Console.cpp">
      <Filter>Console</Filter>
    </ClCompile>
    <ClCompile Include="Console\BufferedConsole.cpp">
      <Filter>Console</Filter>
    </ClCompile>
    <ClCompile Include="Console\BufferedNativeConsole.cpp">
      <Filter>Console</Filter>
    </ClCompile>
    <ClCompile Include="Console\BufferedConsoleRegion.cpp">
      <Filter>Console</Filter>
    </ClCompile>
    <ClCompile Include="Console\SnapshotConsole.cpp">
      <Filter>Console</Filter>
    </ClCompile>
    <ClCompile Include="Console\DoublePixelBufferedConsole.cpp">
      <Filter>Console</Filter>
    </ClCompile>
    <ClCompile Include="Console\Text.cpp">
      <Filter>Console</Filter>
    </ClCompile>
    <ClCompile Include="Console\Windows\WindowsConsole.cpp">
      <Filter>Console\Windows</Filter>
    </ClCompile>
    <ClCompile Include="UI\Element.cpp">
      <Filter>UI</Filter>
    </ClCompile>
    <ClCompile Include="UI\ElementCollection.cpp">
      <Filter>UI</Filter>
    </ClCompile>
    <ClCompile Include="UI\TextBox.cpp">
      <Filter>UI</Filter>
    </ClCompile>
    <ClCompile Include="UI\Button.cpp">
      <Filter>UI</Filter>
    </ClCompile>
    <ClCompile Include="UI\ProgressBar.cpp">
      <Filter>UI</Filter>
    </ClCompile>
    <ClCompile Include="UI\Form.cpp">
      <Filter>UI</Filter>
    </ClCompile>
    <ClCompile Include="Game\Vector2.cpp">
      <Filter>Game</Filter>
    </ClCompile>
    <ClCompile Include="Game\Entity.cpp">
      <Filter>Game\Entities</Filter>
    </ClCompile>
    <ClCompile Include="Game\TankMatch.cpp">
      <Filter>Game</Filter>
    </ClCompile>
    <ClCompile Include="Game\Weapon.cpp">
      <Filter>Game\Weapons</Filter>
    </ClCompile>
    <ClCompile Include="Game\Tank.cpp">
      <Filter>Game\Entities</Filter>
    </ClCompile>
    <ClCompile Include="Game\BotAttempt.cpp">
      <Filter>Game\Entities</Filter>
    </ClCompile>
    <ClCompile Include="Game\TankController.cpp">
      <Filter>Game</Filter>
    </ClCompile>
    <ClCompile Include="Game\SimpleRocket.cpp">
      <Filter>Game\Entities</Filter>
    </ClCompile>
    <ClCompile Include="Game\Explosion.cpp">
      <Filter>Game\Entities</Filter>
    </ClCompile>
    <ClCompile Include="Game\TankWheel.cpp">
      <Filter>Game\Entities</Filter>
    </ClCompile>
    <ClCompile Include="Game\Drop.cpp">
      <Filter>Game\Entities\Drops</Filter>
    </ClCompile>
    <ClCompile Include="Game\HealthDrop.cpp">
      <Filter>Game\Entities\Drops</Filter>
    </ClCompile>
    <ClCompile Include="Game\ArmorDrop.cpp">
      <Filter>Game\Entities\Drops</Filter>
    </ClCompile>
    <ClCompile Include="Game\WeaponDrop.cpp">
      <Filter>Game\Entities\Drops</Filter>
    </ClCompile>
    <ClCompile Include="Game\RocketWeapon.cpp">
      <Filter>Game\Weapons</Filter>
    </ClCompile>
    <ClCompile Include="Game\SimpleTrailedRocket.cpp">
      <Filter>Game\Entities</Filter>
    </ClCompile>
    <ClCompile Include="Game\RocketTrail.cpp">
      <Filter>Game\Entities</Filter>
    </ClCompile>
    <ClCompile Include="Game\GroundTrailedRocket.cpp">
      <Filter>Game\Entities</Filter>
    </ClCompile>
    <ClCompile Include="Game\BouncyTrailedRocket.cpp">
      <Filter>Game\Entities</Filter>
    </ClCompile>
    <ClCompile Include="Game\Tracer.cpp">
      <Filter>Game\Entities</Filter>
    </ClCompile>
    <ClCompile Include="Game\ParticleBomb.cpp">
      <Filter>Game\Entities</Filter>
    </ClCompile>
    <ClCompile Include="Game\BulletRainCloud.cpp">
      <Filter>Game\Entities</Filter>
    </ClCompile>
    <ClCompile Include="Game\Minigun.cpp">
      <Filter>Game\Entities</Filter>
    </ClCompile>
    <ClCompile Include="Game\DirtRocketWeapon.cpp">
      <Filter>Game\Weapons</Filter>
    </ClCompile>
    <ClCompile Include="Game\GroundRocketWeapon.cpp">
      <Filter>Game\Weapons</Filter>
    </ClCompile>
    <ClCompile Include="Game\BouncyRocketWeapon.cpp">
      <Filter>Game\Weapons</Filter>
    </ClCompile>
    <ClCompile Include="Game\ParticleBombWeapon.cpp">
      <Filter>Game\Weapons</Filter>
    </ClCompile>
    <ClCompile Include="Game\BulletRainWeapon.cpp">
      <Filter>Game\Weapons</Filter>
    </ClCompile>
    <ClCompile Include="Game\TracerWeapon.cpp">
      <Filter>Game\Weapons</Filter>
    </ClCompile>
    <ClCompile Include="Game\MinigunWeapon.cpp">
      <Filter>Game\Weapons</Filter>
    </ClCompile>
  </ItemGroup>
  <ItemGroup>
    <ClInclude Include="Console\ConsoleColor.h">
      <Filter>Console</Filter>
    </ClInclude>
    <ClInclude Include="Console\Console.h">
      <Filter>Console</Filter>
    </ClInclude>
    <ClInclude Include="Console\BufferedConsole.h">
      <Filter>Console</Filter>
    </ClInclude>
    <ClInclude Include="Console\BufferedNativeConsole.h">
      <Filter>Console</Filter>
    </ClInclude>
    <ClInclude Include="Console\BufferedConsoleRegion.h">
      <Filter>Console</Filter>
    </ClInclude>
    <ClInclude Include="Console\SnapshotConsole.h">
      <Filter>Console</Filter>
    </ClInclude>
    <ClInclude Include="Console\DoublePixelBufferedConsole.h">
      <Filter>Console</Filter>
    </ClInclude>
    <ClInclude Include="Console\Text.h">
      <Filter>Console</Filter>
    </ClInclude>
    <ClInclude Include="Console\Windows\WindowsConsole.h">
      <Filter>Console\Windows</Filter>
    </ClInclude>
    <ClInclude Include="UI\Element.h">
      <Filter>UI</Filter>
    </ClInclude>
    <ClInclude Include="UI\ElementCollection.h">
      <Filter>UI</Filter>
    </ClInclude>
    <ClInclude Include="UI\TextBox.h">
      <Filter>UI</Filter>
    </ClInclude>
    <ClInclude Include="UI\Button.h">
      <Filter>UI</Filter>
    </ClInclude>
    <ClInclude Include="UI\ProgressBar.h">
      <Filter>UI</Filter>
    </ClInclude>
    <ClInclude Include="UI\Form.h">
      <Filter>UI</Filter>
    </ClInclude>
    <ClInclude Include="Game\Vector2.h">
      <Filter>Game</Filter>
    </ClInclude>
    <ClInclude Include="Game\Entity.h">
      <Filter>Game\Entities</Filter>
    </ClInclude>
    <ClInclude Include="Game\TankMatch.h">
      <Filter>Game</Filter>
    </ClInclude>
    <ClInclude Include="Game\Weapon.h">
      <Filter>Game\Weapons</Filter>
    </ClInclude>
    <ClInclude Include="Game\Tank.h">
      <Filter>Game\Entities</Filter>
    </ClInclude>
    <ClInclude Include="Game\BotAttempt.h">
      <Filter>Game\Entities</Filter>
    </ClInclude>
    <ClInclude Include="Game\TankController.h">
      <Filter>Game</Filter>
    </ClInclude>
    <ClInclude Include="Game\SimpleRocket.h">
      <Filter>Game\Entities</Filter>
    </ClInclude>
    <ClInclude Include="Game\Explosion.h">
      <Filter>Game\Entities</Filter>
    </ClInclude>
    <ClInclude Include="Game\TankWheel.h">
      <Filter>Game\Entities</Filter>
    </ClInclude>
    <ClInclude Include="Game\Drop.h">
      <Filter>Game\Entities\Drops</Filter>
    </ClInclude>
    <ClInclude Include="Game\HealthDrop.h">
      <Filter>Game\Entities\Drops</Filter>
    </ClInclude>
    <ClInclude Include="Game\ArmorDrop.h">
      <Filter>Game\Entities\Drops</Filter>
    </ClInclude>
    <ClInclude Include="Game\WeaponDrop.h">
      <Filter>Game\Entities\Drops</Filter>
    </ClInclude>
    <ClInclude Include="Game\RocketWeapon.h">
      <Filter>Game\Weapons</Filter>
    </ClInclude>
    <ClInclude Include="Game\SimpleTrailedRocket.h">
      <Filter>Game\Entities</Filter>
    </ClInclude>
    <ClInclude Include="Game\RocketTrail.h">
      <Filter>Game\Entities</Filter>
    </ClInclude>
    <ClInclude Include="Game\GroundTrailedRocket.h">
      <Filter>Game\Entities</Filter>
    </ClInclude>
    <ClInclude Include="Game\BouncyTrailedRocket.h">
      <Filter>Game\Entities</Filter>
    </ClInclude>
    <ClInclude Include="Game\Tracer.h">
      <Filter>Game\Entities</Filter>
    </ClInclude>
    <ClInclude Include="Game\ParticleBomb.h">
      <Filter>Game\Entities</Filter>
    </ClInclude>
    <ClInclude Include="Game\BulletRainCloud.h">
      <Filter>Game\Entities</Filter>
    </ClInclude>
    <ClInclude Include="Game\Minigun.h">
      <Filter>Game\Entities</Filter>
    </ClInclude>
    <ClInclude Include="Game\DirtRocketWeapon.h">
      <Filter>Game\Weapons</Filter>
    </ClInclude>
    <ClInclude Include="Game\GroundRocketWeapon.h">
      <Filter>Game\Weapons</Filter>
    </ClInclude>
    <ClInclude Include="Game\BouncyRocketWeapon.h">
      <Filter>Game\Weapons</Filter>
    </ClInclude>
    <ClInclude Include="Game\ParticleBombWeapon.h">
      <Filter>Game\Weapons</Filter>
    </ClInclude>
    <ClInclude Include="Game\BulletRainWeapon.h">
      <Filter>Game\Weapons</Filter>
    </ClInclude>
    <ClInclude Include="Game\TracerWeapon.h">
      <Filter>Game\Weapons</Filter>
    </ClInclude>
    <ClInclude Include="Game\MinigunWeapon.h">
      <Filter>Game\Weapons</Filter>
    </ClInclude>
    <ClInclude Include="resource.h">
      <Filter>Header Files</Filter>
    </ClInclude>
  </ItemGroup>
  <ItemGroup>
    <None Include="packages.config" />
    <None Include="console.reg" />
    <None Include="README.md" />
  </ItemGroup>
  <ItemGroup>
    <ResourceCompile Include="Hilltop.rc">
      <Filter>Resource Files</Filter>
    </ResourceCompile>
  </ItemGroup>
  <ItemGroup>
    <Media Include="explosion.wav">
      <Filter>Resource Files</Filter>
    </Media>
  </ItemGroup>
</Project>